
Microsoft Visual Studio Solution File, Format Version 11.00
# Visual Studio 2010
Project("{F2A71F9B-5D33-465A-A702-920D77279786}") = "FSharpGPU", "FSharpGPU\FSharpGPU.fsproj", "{F68AB93A-400C-4946-9B87-803F0EFD04DA}"
EndProject
Global
	GlobalSection(TeamFoundationVersionControl) = preSolution
		SccNumberOfProjects = 2
		SccEnterpriseProvider = {4CA58AB2-18FA-4F8D-95D4-32DDF27D184C}
		SccTeamFoundationServer = http://vstfdevdiv:8080/devdiv2
		SccLocalPath0 = .
		SccProjectUniqueName1 = FSharpGPU\\FSharpGPU.fsproj
		SccProjectName1 = FSharpGPU
		SccLocalPath1 = FSharpGPU
	EndGlobalSection
	GlobalSection(SolutionConfigurationPlatforms) = preSolution
		Debug|Mixed Platforms = Debug|Mixed Platforms
		Debug|Win32 = Debug|Win32
		Debug|x86 = Debug|x86
		Release|Mixed Platforms = Release|Mixed Platforms
		Release|Win32 = Release|Win32
		Release|x86 = Release|x86
	EndGlobalSection
	GlobalSection(ProjectConfigurationPlatforms) = postSolution
		{F68AB93A-400C-4946-9B87-803F0EFD04DA}.Debug|Mixed Platforms.ActiveCfg = Debug|x86
		{F68AB93A-400C-4946-9B87-803F0EFD04DA}.Debug|Mixed Platforms.Build.0 = Debug|x86
		{F68AB93A-400C-4946-9B87-803F0EFD04DA}.Debug|Win32.ActiveCfg = Debug|x86
		{F68AB93A-400C-4946-9B87-803F0EFD04DA}.Debug|x86.ActiveCfg = Debug|x86
		{F68AB93A-400C-4946-9B87-803F0EFD04DA}.Debug|x86.Build.0 = Debug|x86
		{F68AB93A-400C-4946-9B87-803F0EFD04DA}.Release|Mixed Platforms.ActiveCfg = Release|x86
		{F68AB93A-400C-4946-9B87-803F0EFD04DA}.Release|Mixed Platforms.Build.0 = Release|x86
		{F68AB93A-400C-4946-9B87-803F0EFD04DA}.Release|Win32.ActiveCfg = Release|x86
		{F68AB93A-400C-4946-9B87-803F0EFD04DA}.Release|x86.ActiveCfg = Release|x86
		{F68AB93A-400C-4946-9B87-803F0EFD04DA}.Release|x86.Build.0 = Release|x86
	EndGlobalSection
	GlobalSection(SolutionProperties) = preSolution
		HideSolutionNode = FALSE
	EndGlobalSection
EndGlobal
