
Microsoft Visual Studio Solution File, Format Version 11.00
# Visual Studio 2010
Project("{FAE04EC0-301F-11D3-BF4B-00C04F79EFBC}") = "WebRole", "WebRole\WebRole.csproj", "{A1F3E6EF-F06D-4928-A614-501CBBE548CD}"
EndProject
Project("{F2A71F9B-5D33-465A-A702-920D77279786}") = "ITwitterContracts", "ITwitterContracts\ITwitterContracts.fsproj", "{55FF1101-1C62-481A-94EB-D034F638E2D6}"
EndProject
Project("{CC5FD16D-436D-48AD-A40C-5A424C6E3E79}") = "WebRole.Azure", "WebRole.Azure\WebRole.Azure.ccproj", "{7CAE6FA3-FE89-439C-9A8D-464BAA063A9D}"
EndProject
Project("{F2A71F9B-5D33-465A-A702-920D77279786}") = "TwitterWcfWorkerRole", "TwitterWcfWorkerRole\TwitterWcfWorkerRole.fsproj", "{061CF7F2-E7EC-4214-8DE9-4AC89827B620}"
EndProject
Global
	GlobalSection(SolutionConfigurationPlatforms) = preSolution
		Debug|Any CPU = Debug|Any CPU
		Release|Any CPU = Release|Any CPU
	EndGlobalSection
	GlobalSection(ProjectConfigurationPlatforms) = postSolution
		{A1F3E6EF-F06D-4928-A614-501CBBE548CD}.Debug|Any CPU.ActiveCfg = Debug|Any CPU
		{A1F3E6EF-F06D-4928-A614-501CBBE548CD}.Debug|Any CPU.Build.0 = Debug|Any CPU
		{A1F3E6EF-F06D-4928-A614-501CBBE548CD}.Release|Any CPU.ActiveCfg = Release|Any CPU
		{A1F3E6EF-F06D-4928-A614-501CBBE548CD}.Release|Any CPU.Build.0 = Release|Any CPU
		{55FF1101-1C62-481A-94EB-D034F638E2D6}.Debug|Any CPU.ActiveCfg = Debug|Any CPU
		{55FF1101-1C62-481A-94EB-D034F638E2D6}.Debug|Any CPU.Build.0 = Debug|Any CPU
		{55FF1101-1C62-481A-94EB-D034F638E2D6}.Release|Any CPU.ActiveCfg = Release|Any CPU
		{55FF1101-1C62-481A-94EB-D034F638E2D6}.Release|Any CPU.Build.0 = Release|Any CPU
		{7CAE6FA3-FE89-439C-9A8D-464BAA063A9D}.Debug|Any CPU.ActiveCfg = Debug|Any CPU
		{7CAE6FA3-FE89-439C-9A8D-464BAA063A9D}.Debug|Any CPU.Build.0 = Debug|Any CPU
		{7CAE6FA3-FE89-439C-9A8D-464BAA063A9D}.Release|Any CPU.ActiveCfg = Release|Any CPU
		{7CAE6FA3-FE89-439C-9A8D-464BAA063A9D}.Release|Any CPU.Build.0 = Release|Any CPU
		{061CF7F2-E7EC-4214-8DE9-4AC89827B620}.Debug|Any CPU.ActiveCfg = Debug|Any CPU
		{061CF7F2-E7EC-4214-8DE9-4AC89827B620}.Debug|Any CPU.Build.0 = Debug|Any CPU
		{061CF7F2-E7EC-4214-8DE9-4AC89827B620}.Release|Any CPU.ActiveCfg = Release|Any CPU
		{061CF7F2-E7EC-4214-8DE9-4AC89827B620}.Release|Any CPU.Build.0 = Release|Any CPU
	EndGlobalSection
	GlobalSection(SolutionProperties) = preSolution
		HideSolutionNode = FALSE
	EndGlobalSection
EndGlobal
