
Microsoft Visual Studio Solution File, Format Version 12.00
# Visual Studio 2012
Project("{F2A71F9B-5D33-465A-A702-920D77279786}") = "Samples.Management.TypeProvider", "Samples.Management.TypeProvider.fsproj", "{68A30FED-8E71-4355-A148-63675EE69608}"
EndProject
Project("{F2A71F9B-5D33-465A-A702-920D77279786}") = "Samples.Management.TypeProvider.DesignTime", "Samples.Management.TypeProvider.DesignTime.fsproj", "{68A30FED-8E71-4355-A148-63675EE69609}"
EndProject
Global
	GlobalSection(TeamFoundationVersionControl) = preSolution
		SccNumberOfProjects = 3
		SccEnterpriseProvider = {4CA58AB2-18FA-4F8D-95D4-32DDF27D184C}
		SccTeamFoundationServer = http://vstfcodebox:8080/tfs/mu
		SccLocalPath0 = .
		SccProjectUniqueName1 = Samples.Management.TypeProvider.fsproj
		SccLocalPath1 = .
		SccProjectUniqueName2 = Samples.Management.TypeProvider.DesignTime.fsproj
		SccLocalPath2 = .
	EndGlobalSection
	GlobalSection(SolutionConfigurationPlatforms) = preSolution
		Debug|Any CPU = Debug|Any CPU
		Release|Any CPU = Release|Any CPU
	EndGlobalSection
	GlobalSection(ProjectConfigurationPlatforms) = postSolution
		{68A30FED-8E71-4355-A148-63675EE69608}.Debug|Any CPU.ActiveCfg = Debug|Any CPU
		{68A30FED-8E71-4355-A148-63675EE69608}.Debug|Any CPU.Build.0 = Debug|Any CPU
		{68A30FED-8E71-4355-A148-63675EE69608}.Release|Any CPU.ActiveCfg = Release|Any CPU
		{68A30FED-8E71-4355-A148-63675EE69608}.Release|Any CPU.Build.0 = Release|Any CPU
		{68A30FED-8E71-4355-A148-63675EE69609}.Debug|Any CPU.ActiveCfg = Debug|Any CPU
		{68A30FED-8E71-4355-A148-63675EE69609}.Debug|Any CPU.Build.0 = Debug|Any CPU
		{68A30FED-8E71-4355-A148-63675EE69609}.Release|Any CPU.ActiveCfg = Release|Any CPU
		{68A30FED-8E71-4355-A148-63675EE69609}.Release|Any CPU.Build.0 = Release|Any CPU
	EndGlobalSection
	GlobalSection(SolutionProperties) = preSolution
		HideSolutionNode = FALSE
	EndGlobalSection
EndGlobal
