
Microsoft Visual Studio Solution File, Format Version 11.00
# Visual Studio 2010
Project("{FAE04EC0-301F-11D3-BF4B-00C04F79EFBC}") = "MultiAsyncCommunicationWebRole", "MultiAsyncCommunicationWebRole\MultiAsyncCommunicationWebRole.csproj", "{58E2F31F-3174-46DE-8849-87D5DD1D0AFB}"
EndProject
Project("{CC5FD16D-436D-48AD-A40C-5A424C6E3E79}") = "MultiAsyncCommunication.Azure", "MultiAsyncCommunication.Azure\MultiAsyncCommunication.Azure.ccproj", "{F780DA61-2D94-4EC4-8D41-6E5E4EB6CD1B}"
EndProject
Project("{FAE04EC0-301F-11D3-BF4B-00C04F79EFBC}") = "CsSocketClientHelper", "CsSocketClientHelper\CsSocketClientHelper.csproj", "{67ADF26D-12FA-407B-A86A-B3D6AADF87E4}"
EndProject
Project("{F2A71F9B-5D33-465A-A702-920D77279786}") = "MultiAsyncCommunicationWorkerRole", "MultiAsyncCommunicationWorkerRole\MultiAsyncCommunicationWorkerRole.fsproj", "{5BC86F60-7810-4BF1-911D-8D78897FA9F2}"
EndProject
Project("{F2A71F9B-5D33-465A-A702-920D77279786}") = "FsSocketClientHelper", "FsSocketClientHelper\FsSocketClientHelper.fsproj", "{558ECAAB-32DD-46C8-A3B3-7035B33B61A1}"
EndProject
Global
	GlobalSection(SolutionConfigurationPlatforms) = preSolution
		Debug|Any CPU = Debug|Any CPU
		Debug|Mixed Platforms = Debug|Mixed Platforms
		Debug|x86 = Debug|x86
		Release|Any CPU = Release|Any CPU
		Release|Mixed Platforms = Release|Mixed Platforms
		Release|x86 = Release|x86
	EndGlobalSection
	GlobalSection(ProjectConfigurationPlatforms) = postSolution
		{58E2F31F-3174-46DE-8849-87D5DD1D0AFB}.Debug|Any CPU.ActiveCfg = Debug|Any CPU
		{58E2F31F-3174-46DE-8849-87D5DD1D0AFB}.Debug|Any CPU.Build.0 = Debug|Any CPU
		{58E2F31F-3174-46DE-8849-87D5DD1D0AFB}.Debug|Mixed Platforms.ActiveCfg = Debug|Any CPU
		{58E2F31F-3174-46DE-8849-87D5DD1D0AFB}.Debug|Mixed Platforms.Build.0 = Debug|Any CPU
		{58E2F31F-3174-46DE-8849-87D5DD1D0AFB}.Debug|x86.ActiveCfg = Debug|Any CPU
		{58E2F31F-3174-46DE-8849-87D5DD1D0AFB}.Release|Any CPU.ActiveCfg = Release|Any CPU
		{58E2F31F-3174-46DE-8849-87D5DD1D0AFB}.Release|Any CPU.Build.0 = Release|Any CPU
		{58E2F31F-3174-46DE-8849-87D5DD1D0AFB}.Release|Mixed Platforms.ActiveCfg = Release|Any CPU
		{58E2F31F-3174-46DE-8849-87D5DD1D0AFB}.Release|Mixed Platforms.Build.0 = Release|Any CPU
		{58E2F31F-3174-46DE-8849-87D5DD1D0AFB}.Release|x86.ActiveCfg = Release|Any CPU
		{F780DA61-2D94-4EC4-8D41-6E5E4EB6CD1B}.Debug|Any CPU.ActiveCfg = Debug|Any CPU
		{F780DA61-2D94-4EC4-8D41-6E5E4EB6CD1B}.Debug|Any CPU.Build.0 = Debug|Any CPU
		{F780DA61-2D94-4EC4-8D41-6E5E4EB6CD1B}.Debug|Mixed Platforms.ActiveCfg = Debug|Any CPU
		{F780DA61-2D94-4EC4-8D41-6E5E4EB6CD1B}.Debug|Mixed Platforms.Build.0 = Debug|Any CPU
		{F780DA61-2D94-4EC4-8D41-6E5E4EB6CD1B}.Debug|x86.ActiveCfg = Debug|Any CPU
		{F780DA61-2D94-4EC4-8D41-6E5E4EB6CD1B}.Release|Any CPU.ActiveCfg = Release|Any CPU
		{F780DA61-2D94-4EC4-8D41-6E5E4EB6CD1B}.Release|Any CPU.Build.0 = Release|Any CPU
		{F780DA61-2D94-4EC4-8D41-6E5E4EB6CD1B}.Release|Mixed Platforms.ActiveCfg = Release|Any CPU
		{F780DA61-2D94-4EC4-8D41-6E5E4EB6CD1B}.Release|Mixed Platforms.Build.0 = Release|Any CPU
		{F780DA61-2D94-4EC4-8D41-6E5E4EB6CD1B}.Release|x86.ActiveCfg = Release|Any CPU
		{67ADF26D-12FA-407B-A86A-B3D6AADF87E4}.Debug|Any CPU.ActiveCfg = Debug|Any CPU
		{67ADF26D-12FA-407B-A86A-B3D6AADF87E4}.Debug|Any CPU.Build.0 = Debug|Any CPU
		{67ADF26D-12FA-407B-A86A-B3D6AADF87E4}.Debug|Mixed Platforms.ActiveCfg = Debug|Any CPU
		{67ADF26D-12FA-407B-A86A-B3D6AADF87E4}.Debug|Mixed Platforms.Build.0 = Debug|Any CPU
		{67ADF26D-12FA-407B-A86A-B3D6AADF87E4}.Debug|x86.ActiveCfg = Debug|Any CPU
		{67ADF26D-12FA-407B-A86A-B3D6AADF87E4}.Release|Any CPU.ActiveCfg = Release|Any CPU
		{67ADF26D-12FA-407B-A86A-B3D6AADF87E4}.Release|Any CPU.Build.0 = Release|Any CPU
		{67ADF26D-12FA-407B-A86A-B3D6AADF87E4}.Release|Mixed Platforms.ActiveCfg = Release|Any CPU
		{67ADF26D-12FA-407B-A86A-B3D6AADF87E4}.Release|Mixed Platforms.Build.0 = Release|Any CPU
		{67ADF26D-12FA-407B-A86A-B3D6AADF87E4}.Release|x86.ActiveCfg = Release|Any CPU
		{5BC86F60-7810-4BF1-911D-8D78897FA9F2}.Debug|Any CPU.ActiveCfg = Debug|Any CPU
		{5BC86F60-7810-4BF1-911D-8D78897FA9F2}.Debug|Any CPU.Build.0 = Debug|Any CPU
		{5BC86F60-7810-4BF1-911D-8D78897FA9F2}.Debug|Mixed Platforms.ActiveCfg = Debug|Any CPU
		{5BC86F60-7810-4BF1-911D-8D78897FA9F2}.Debug|Mixed Platforms.Build.0 = Debug|Any CPU
		{5BC86F60-7810-4BF1-911D-8D78897FA9F2}.Debug|x86.ActiveCfg = Debug|Any CPU
		{5BC86F60-7810-4BF1-911D-8D78897FA9F2}.Release|Any CPU.ActiveCfg = Release|Any CPU
		{5BC86F60-7810-4BF1-911D-8D78897FA9F2}.Release|Any CPU.Build.0 = Release|Any CPU
		{5BC86F60-7810-4BF1-911D-8D78897FA9F2}.Release|Mixed Platforms.ActiveCfg = Release|Any CPU
		{5BC86F60-7810-4BF1-911D-8D78897FA9F2}.Release|Mixed Platforms.Build.0 = Release|Any CPU
		{5BC86F60-7810-4BF1-911D-8D78897FA9F2}.Release|x86.ActiveCfg = Release|Any CPU
		{558ECAAB-32DD-46C8-A3B3-7035B33B61A1}.Debug|Any CPU.ActiveCfg = Debug|Any CPU
		{558ECAAB-32DD-46C8-A3B3-7035B33B61A1}.Debug|Any CPU.Build.0 = Debug|Any CPU
		{558ECAAB-32DD-46C8-A3B3-7035B33B61A1}.Debug|Mixed Platforms.ActiveCfg = Debug|Any CPU
		{558ECAAB-32DD-46C8-A3B3-7035B33B61A1}.Debug|Mixed Platforms.Build.0 = Debug|Any CPU
		{558ECAAB-32DD-46C8-A3B3-7035B33B61A1}.Debug|x86.ActiveCfg = Debug|Any CPU
		{558ECAAB-32DD-46C8-A3B3-7035B33B61A1}.Release|Any CPU.ActiveCfg = Release|Any CPU
		{558ECAAB-32DD-46C8-A3B3-7035B33B61A1}.Release|Any CPU.Build.0 = Release|Any CPU
		{558ECAAB-32DD-46C8-A3B3-7035B33B61A1}.Release|Mixed Platforms.ActiveCfg = Release|Any CPU
		{558ECAAB-32DD-46C8-A3B3-7035B33B61A1}.Release|Mixed Platforms.Build.0 = Release|Any CPU
		{558ECAAB-32DD-46C8-A3B3-7035B33B61A1}.Release|x86.ActiveCfg = Release|Any CPU
	EndGlobalSection
	GlobalSection(SolutionProperties) = preSolution
		HideSolutionNode = FALSE
	EndGlobalSection
EndGlobal
