
Microsoft Visual Studio Solution File, Format Version 11.00
# Visual Studio 2010
Project("{CC5FD16D-436D-48AD-A40C-5A424C6E3E79}") = "AzureStorage", "AzureStorage\AzureStorage.ccproj", "{724BBEE1-5297-40CC-952F-BFF0C416515E}"
EndProject
Project("{FAE04EC0-301F-11D3-BF4B-00C04F79EFBC}") = "FrontRole", "FrontRole\FrontRole.csproj", "{66EEDDA1-A677-4AE2-B97C-69F8EDF29AA1}"
EndProject
Project("{F2A71F9B-5D33-465A-A702-920D77279786}") = "BackRole", "BackRole\BackRole.fsproj", "{629D0058-E36E-48F9-A3FE-65E2D3C7E5F2}"
EndProject
Project("{F2A71F9B-5D33-465A-A702-920D77279786}") = "OndemandCollectLgs", "OndemandCollectLgs\OndemandCollectLgs.fsproj", "{0953544B-E0DE-4236-BC09-B28E324A3AB6}"
EndProject
Global
	GlobalSection(SolutionConfigurationPlatforms) = preSolution
		Debug|Any CPU = Debug|Any CPU
		Release|Any CPU = Release|Any CPU
	EndGlobalSection
	GlobalSection(ProjectConfigurationPlatforms) = postSolution
		{724BBEE1-5297-40CC-952F-BFF0C416515E}.Debug|Any CPU.ActiveCfg = Debug|Any CPU
		{724BBEE1-5297-40CC-952F-BFF0C416515E}.Debug|Any CPU.Build.0 = Debug|Any CPU
		{724BBEE1-5297-40CC-952F-BFF0C416515E}.Release|Any CPU.ActiveCfg = Release|Any CPU
		{724BBEE1-5297-40CC-952F-BFF0C416515E}.Release|Any CPU.Build.0 = Release|Any CPU
		{66EEDDA1-A677-4AE2-B97C-69F8EDF29AA1}.Debug|Any CPU.ActiveCfg = Debug|Any CPU
		{66EEDDA1-A677-4AE2-B97C-69F8EDF29AA1}.Debug|Any CPU.Build.0 = Debug|Any CPU
		{66EEDDA1-A677-4AE2-B97C-69F8EDF29AA1}.Release|Any CPU.ActiveCfg = Release|Any CPU
		{66EEDDA1-A677-4AE2-B97C-69F8EDF29AA1}.Release|Any CPU.Build.0 = Release|Any CPU
		{629D0058-E36E-48F9-A3FE-65E2D3C7E5F2}.Debug|Any CPU.ActiveCfg = Debug|Any CPU
		{629D0058-E36E-48F9-A3FE-65E2D3C7E5F2}.Debug|Any CPU.Build.0 = Debug|Any CPU
		{629D0058-E36E-48F9-A3FE-65E2D3C7E5F2}.Release|Any CPU.ActiveCfg = Release|Any CPU
		{629D0058-E36E-48F9-A3FE-65E2D3C7E5F2}.Release|Any CPU.Build.0 = Release|Any CPU
		{0953544B-E0DE-4236-BC09-B28E324A3AB6}.Debug|Any CPU.ActiveCfg = Debug|Any CPU
		{0953544B-E0DE-4236-BC09-B28E324A3AB6}.Debug|Any CPU.Build.0 = Debug|Any CPU
		{0953544B-E0DE-4236-BC09-B28E324A3AB6}.Release|Any CPU.ActiveCfg = Release|Any CPU
		{0953544B-E0DE-4236-BC09-B28E324A3AB6}.Release|Any CPU.Build.0 = Release|Any CPU
	EndGlobalSection
	GlobalSection(SolutionProperties) = preSolution
		HideSolutionNode = FALSE
	EndGlobalSection
EndGlobal
