
Microsoft Visual Studio Solution File, Format Version 12.00
# Visual Studio 2012
Project("{F2A71F9B-5D33-465A-A702-920D77279786}") = "EchoClient", "EchoClient.fsproj", "{A013E5F3-2448-4BF4-B01B-F433273A560D}"
EndProject
Global
	GlobalSection(SolutionConfigurationPlatforms) = preSolution
		Debug|x86 = Debug|x86
		Release|x86 = Release|x86
	EndGlobalSection
	GlobalSection(ProjectConfigurationPlatforms) = postSolution
		{A013E5F3-2448-4BF4-B01B-F433273A560D}.Debug|x86.ActiveCfg = Debug|x86
		{A013E5F3-2448-4BF4-B01B-F433273A560D}.Debug|x86.Build.0 = Debug|x86
		{A013E5F3-2448-4BF4-B01B-F433273A560D}.Release|x86.ActiveCfg = Release|x86
		{A013E5F3-2448-4BF4-B01B-F433273A560D}.Release|x86.Build.0 = Release|x86
	EndGlobalSection
	GlobalSection(SolutionProperties) = preSolution
		HideSolutionNode = FALSE
	EndGlobalSection
EndGlobal
