
Microsoft Visual Studio Solution File, Format Version 12.00
# Visual Studio 2013
VisualStudioVersion = 12.0.30626.0
MinimumVisualStudioVersion = 10.0.40219.1
Project("{F2A71F9B-5D33-465A-A702-920D77279786}") = "FsharpTutorial", "FsharpTutorial\FsharpTutorial.fsproj", "{67C257F8-35EB-4128-9EEA-16862A516E73}"
EndProject
Project("{2150E333-8FDC-42A3-9474-1A3956D46DE8}") = ".nuget", ".nuget", "{92B89259-D7B2-4B60-8D29-DACD58FA7C81}"
	ProjectSection(SolutionItems) = preProject
		.nuget\packages.config = .nuget\packages.config
	EndProjectSection
EndProject
Project("{F2A71F9B-5D33-465A-A702-920D77279786}") = "ConsoleApplication1", "ConsoleApplication1\ConsoleApplication1.fsproj", "{31573DC2-1BA8-4399-87CE-39DB63262C67}"
EndProject
Project("{FAE04EC0-301F-11D3-BF4B-00C04F79EFBC}") = "BitmapDetector", "BitmapDetector\BitmapDetector.csproj", "{E492845D-88D3-416B-9DD8-CC0F8E89775C}"
EndProject
Global
	GlobalSection(SolutionConfigurationPlatforms) = preSolution
		Debug|Any CPU = Debug|Any CPU
		Debug|Mixed Platforms = Debug|Mixed Platforms
		Debug|x86 = Debug|x86
		Release|Any CPU = Release|Any CPU
		Release|Mixed Platforms = Release|Mixed Platforms
		Release|x86 = Release|x86
	EndGlobalSection
	GlobalSection(ProjectConfigurationPlatforms) = postSolution
		{67C257F8-35EB-4128-9EEA-16862A516E73}.Debug|Any CPU.ActiveCfg = Debug|Any CPU
		{67C257F8-35EB-4128-9EEA-16862A516E73}.Debug|Any CPU.Build.0 = Debug|Any CPU
		{67C257F8-35EB-4128-9EEA-16862A516E73}.Debug|Mixed Platforms.ActiveCfg = Debug|Any CPU
		{67C257F8-35EB-4128-9EEA-16862A516E73}.Debug|Mixed Platforms.Build.0 = Debug|Any CPU
		{67C257F8-35EB-4128-9EEA-16862A516E73}.Debug|x86.ActiveCfg = Debug|Any CPU
		{67C257F8-35EB-4128-9EEA-16862A516E73}.Release|Any CPU.ActiveCfg = Release|Any CPU
		{67C257F8-35EB-4128-9EEA-16862A516E73}.Release|Any CPU.Build.0 = Release|Any CPU
		{67C257F8-35EB-4128-9EEA-16862A516E73}.Release|Mixed Platforms.ActiveCfg = Release|Any CPU
		{67C257F8-35EB-4128-9EEA-16862A516E73}.Release|Mixed Platforms.Build.0 = Release|Any CPU
		{67C257F8-35EB-4128-9EEA-16862A516E73}.Release|x86.ActiveCfg = Release|Any CPU
		{31573DC2-1BA8-4399-87CE-39DB63262C67}.Debug|Any CPU.ActiveCfg = Debug|Any CPU
		{31573DC2-1BA8-4399-87CE-39DB63262C67}.Debug|Any CPU.Build.0 = Debug|Any CPU
		{31573DC2-1BA8-4399-87CE-39DB63262C67}.Debug|Mixed Platforms.ActiveCfg = Debug|Any CPU
		{31573DC2-1BA8-4399-87CE-39DB63262C67}.Debug|Mixed Platforms.Build.0 = Debug|Any CPU
		{31573DC2-1BA8-4399-87CE-39DB63262C67}.Debug|x86.ActiveCfg = Debug|Any CPU
		{31573DC2-1BA8-4399-87CE-39DB63262C67}.Release|Any CPU.ActiveCfg = Release|Any CPU
		{31573DC2-1BA8-4399-87CE-39DB63262C67}.Release|Any CPU.Build.0 = Release|Any CPU
		{31573DC2-1BA8-4399-87CE-39DB63262C67}.Release|Mixed Platforms.ActiveCfg = Release|Any CPU
		{31573DC2-1BA8-4399-87CE-39DB63262C67}.Release|Mixed Platforms.Build.0 = Release|Any CPU
		{31573DC2-1BA8-4399-87CE-39DB63262C67}.Release|x86.ActiveCfg = Release|Any CPU
		{E492845D-88D3-416B-9DD8-CC0F8E89775C}.Debug|Any CPU.ActiveCfg = Debug|Any CPU
		{E492845D-88D3-416B-9DD8-CC0F8E89775C}.Debug|Any CPU.Build.0 = Debug|Any CPU
		{E492845D-88D3-416B-9DD8-CC0F8E89775C}.Debug|Mixed Platforms.ActiveCfg = Debug|Any CPU
		{E492845D-88D3-416B-9DD8-CC0F8E89775C}.Debug|Mixed Platforms.Build.0 = Debug|Any CPU
		{E492845D-88D3-416B-9DD8-CC0F8E89775C}.Debug|x86.ActiveCfg = Debug|Any CPU
		{E492845D-88D3-416B-9DD8-CC0F8E89775C}.Release|Any CPU.ActiveCfg = Release|Any CPU
		{E492845D-88D3-416B-9DD8-CC0F8E89775C}.Release|Any CPU.Build.0 = Release|Any CPU
		{E492845D-88D3-416B-9DD8-CC0F8E89775C}.Release|Mixed Platforms.ActiveCfg = Release|Any CPU
		{E492845D-88D3-416B-9DD8-CC0F8E89775C}.Release|Mixed Platforms.Build.0 = Release|Any CPU
		{E492845D-88D3-416B-9DD8-CC0F8E89775C}.Release|x86.ActiveCfg = Release|Any CPU
	EndGlobalSection
	GlobalSection(SolutionProperties) = preSolution
		HideSolutionNode = FALSE
	EndGlobalSection
EndGlobal
