
Microsoft Visual Studio Solution File, Format Version 12.00
# Visual Studio 2013
VisualStudioVersion = 12.0.30723.0
MinimumVisualStudioVersion = 10.0.40219.1
Project("{F2A71F9B-5D33-465A-A702-920D77279786}") = "FsharpTutorial", "FsharpTutorial\FsharpTutorial.fsproj", "{67C257F8-35EB-4128-9EEA-16862A516E73}"
EndProject
Project("{2150E333-8FDC-42A3-9474-1A3956D46DE8}") = ".nuget", ".nuget", "{92B89259-D7B2-4B60-8D29-DACD58FA7C81}"
	ProjectSection(SolutionItems) = preProject
		.nuget\packages.config = .nuget\packages.config
	EndProjectSection
EndProject
Project("{F2A71F9B-5D33-465A-A702-920D77279786}") = "YeFsharpLibrary", "YeFsharpLibrary\YeFsharpLibrary.fsproj", "{20B439FC-8CC8-4621-9C17-824C431F7766}"
EndProject
Project("{F2A71F9B-5D33-465A-A702-920D77279786}") = "YeFsharpConsole", "YeFsharpConsole\YeFsharpConsole.fsproj", "{63A47E73-0BF4-4041-93B8-DC347C0627F5}"
EndProject
Project("{FAE04EC0-301F-11D3-BF4B-00C04F79EFBC}") = "MouseKeyboardLibrary", "MouseKeyboardLibrary\MouseKeyboardLibrary.csproj", "{F419622F-4D82-40A6-B4FB-3FE36579F018}"
EndProject
Project("{FAE04EC0-301F-11D3-BF4B-00C04F79EFBC}") = "Accord.MachineLearning", "..\..\framework\Sources\Accord.MachineLearning\Accord.MachineLearning.csproj", "{7AB4BBCC-6222-423D-9FF9-BA9CB7C09199}"
EndProject
Project("{FAE04EC0-301F-11D3-BF4B-00C04F79EFBC}") = "Accord.Core", "..\..\framework\Sources\Accord.Core\Accord.Core.csproj", "{A177A90C-8207-466A-AF70-F2B8452A42AC}"
EndProject
Project("{FAE04EC0-301F-11D3-BF4B-00C04F79EFBC}") = "Accord.Math", "..\..\framework\Sources\Accord.Math\Accord.Math.csproj", "{F718E9A8-DB62-4785-8C49-4333A60D256A}"
EndProject
Project("{FAE04EC0-301F-11D3-BF4B-00C04F79EFBC}") = "Accord.Statistics", "..\..\framework\Sources\Accord.Statistics\Accord.Statistics.csproj", "{FD8101DD-C95D-42D6-AD44-AE01C25F2811}"
EndProject
Project("{FAE04EC0-301F-11D3-BF4B-00C04F79EFBC}") = "Accord.IO", "..\..\framework\Sources\Accord.Formats\Accord.IO.csproj", "{63184EBD-6B28-4066-AAEE-5B99431E31F4}"
EndProject
Global
	GlobalSection(SolutionConfigurationPlatforms) = preSolution
		Debug|Any CPU = Debug|Any CPU
		Debug|Mixed Platforms = Debug|Mixed Platforms
		Debug|x86 = Debug|x86
		Release (3.5)|Any CPU = Release (3.5)|Any CPU
		Release (3.5)|Mixed Platforms = Release (3.5)|Mixed Platforms
		Release (3.5)|x86 = Release (3.5)|x86
		Release (4.0)|Any CPU = Release (4.0)|Any CPU
		Release (4.0)|Mixed Platforms = Release (4.0)|Mixed Platforms
		Release (4.0)|x86 = Release (4.0)|x86
		Release (4.5)|Any CPU = Release (4.5)|Any CPU
		Release (4.5)|Mixed Platforms = Release (4.5)|Mixed Platforms
		Release (4.5)|x86 = Release (4.5)|x86
		Release|Any CPU = Release|Any CPU
		Release|Mixed Platforms = Release|Mixed Platforms
		Release|x86 = Release|x86
	EndGlobalSection
	GlobalSection(ProjectConfigurationPlatforms) = postSolution
		{67C257F8-35EB-4128-9EEA-16862A516E73}.Debug|Any CPU.ActiveCfg = Debug|Any CPU
		{67C257F8-35EB-4128-9EEA-16862A516E73}.Debug|Any CPU.Build.0 = Debug|Any CPU
		{67C257F8-35EB-4128-9EEA-16862A516E73}.Debug|Mixed Platforms.ActiveCfg = Debug|Any CPU
		{67C257F8-35EB-4128-9EEA-16862A516E73}.Debug|Mixed Platforms.Build.0 = Debug|Any CPU
		{67C257F8-35EB-4128-9EEA-16862A516E73}.Debug|x86.ActiveCfg = Debug|Any CPU
		{67C257F8-35EB-4128-9EEA-16862A516E73}.Release (3.5)|Any CPU.ActiveCfg = Release|Any CPU
		{67C257F8-35EB-4128-9EEA-16862A516E73}.Release (3.5)|Any CPU.Build.0 = Release|Any CPU
		{67C257F8-35EB-4128-9EEA-16862A516E73}.Release (3.5)|Mixed Platforms.ActiveCfg = Release|Any CPU
		{67C257F8-35EB-4128-9EEA-16862A516E73}.Release (3.5)|Mixed Platforms.Build.0 = Release|Any CPU
		{67C257F8-35EB-4128-9EEA-16862A516E73}.Release (3.5)|x86.ActiveCfg = Release|Any CPU
		{67C257F8-35EB-4128-9EEA-16862A516E73}.Release (4.0)|Any CPU.ActiveCfg = Release|Any CPU
		{67C257F8-35EB-4128-9EEA-16862A516E73}.Release (4.0)|Any CPU.Build.0 = Release|Any CPU
		{67C257F8-35EB-4128-9EEA-16862A516E73}.Release (4.0)|Mixed Platforms.ActiveCfg = Release|Any CPU
		{67C257F8-35EB-4128-9EEA-16862A516E73}.Release (4.0)|Mixed Platforms.Build.0 = Release|Any CPU
		{67C257F8-35EB-4128-9EEA-16862A516E73}.Release (4.0)|x86.ActiveCfg = Release|Any CPU
		{67C257F8-35EB-4128-9EEA-16862A516E73}.Release (4.5)|Any CPU.ActiveCfg = Release|Any CPU
		{67C257F8-35EB-4128-9EEA-16862A516E73}.Release (4.5)|Any CPU.Build.0 = Release|Any CPU
		{67C257F8-35EB-4128-9EEA-16862A516E73}.Release (4.5)|Mixed Platforms.ActiveCfg = Release|Any CPU
		{67C257F8-35EB-4128-9EEA-16862A516E73}.Release (4.5)|Mixed Platforms.Build.0 = Release|Any CPU
		{67C257F8-35EB-4128-9EEA-16862A516E73}.Release (4.5)|x86.ActiveCfg = Release|Any CPU
		{67C257F8-35EB-4128-9EEA-16862A516E73}.Release|Any CPU.ActiveCfg = Release|Any CPU
		{67C257F8-35EB-4128-9EEA-16862A516E73}.Release|Any CPU.Build.0 = Release|Any CPU
		{67C257F8-35EB-4128-9EEA-16862A516E73}.Release|Mixed Platforms.ActiveCfg = Release|Any CPU
		{67C257F8-35EB-4128-9EEA-16862A516E73}.Release|Mixed Platforms.Build.0 = Release|Any CPU
		{67C257F8-35EB-4128-9EEA-16862A516E73}.Release|x86.ActiveCfg = Release|Any CPU
		{20B439FC-8CC8-4621-9C17-824C431F7766}.Debug|Any CPU.ActiveCfg = Debug|Any CPU
		{20B439FC-8CC8-4621-9C17-824C431F7766}.Debug|Any CPU.Build.0 = Debug|Any CPU
		{20B439FC-8CC8-4621-9C17-824C431F7766}.Debug|Mixed Platforms.ActiveCfg = Debug|Any CPU
		{20B439FC-8CC8-4621-9C17-824C431F7766}.Debug|Mixed Platforms.Build.0 = Debug|Any CPU
		{20B439FC-8CC8-4621-9C17-824C431F7766}.Debug|x86.ActiveCfg = Debug|Any CPU
		{20B439FC-8CC8-4621-9C17-824C431F7766}.Release (3.5)|Any CPU.ActiveCfg = Release|Any CPU
		{20B439FC-8CC8-4621-9C17-824C431F7766}.Release (3.5)|Any CPU.Build.0 = Release|Any CPU
		{20B439FC-8CC8-4621-9C17-824C431F7766}.Release (3.5)|Mixed Platforms.ActiveCfg = Release|Any CPU
		{20B439FC-8CC8-4621-9C17-824C431F7766}.Release (3.5)|Mixed Platforms.Build.0 = Release|Any CPU
		{20B439FC-8CC8-4621-9C17-824C431F7766}.Release (3.5)|x86.ActiveCfg = Release|Any CPU
		{20B439FC-8CC8-4621-9C17-824C431F7766}.Release (4.0)|Any CPU.ActiveCfg = Release|Any CPU
		{20B439FC-8CC8-4621-9C17-824C431F7766}.Release (4.0)|Any CPU.Build.0 = Release|Any CPU
		{20B439FC-8CC8-4621-9C17-824C431F7766}.Release (4.0)|Mixed Platforms.ActiveCfg = Release|Any CPU
		{20B439FC-8CC8-4621-9C17-824C431F7766}.Release (4.0)|Mixed Platforms.Build.0 = Release|Any CPU
		{20B439FC-8CC8-4621-9C17-824C431F7766}.Release (4.0)|x86.ActiveCfg = Release|Any CPU
		{20B439FC-8CC8-4621-9C17-824C431F7766}.Release (4.5)|Any CPU.ActiveCfg = Release|Any CPU
		{20B439FC-8CC8-4621-9C17-824C431F7766}.Release (4.5)|Any CPU.Build.0 = Release|Any CPU
		{20B439FC-8CC8-4621-9C17-824C431F7766}.Release (4.5)|Mixed Platforms.ActiveCfg = Release|Any CPU
		{20B439FC-8CC8-4621-9C17-824C431F7766}.Release (4.5)|Mixed Platforms.Build.0 = Release|Any CPU
		{20B439FC-8CC8-4621-9C17-824C431F7766}.Release (4.5)|x86.ActiveCfg = Release|Any CPU
		{20B439FC-8CC8-4621-9C17-824C431F7766}.Release|Any CPU.ActiveCfg = Release|Any CPU
		{20B439FC-8CC8-4621-9C17-824C431F7766}.Release|Any CPU.Build.0 = Release|Any CPU
		{20B439FC-8CC8-4621-9C17-824C431F7766}.Release|Mixed Platforms.ActiveCfg = Release|Any CPU
		{20B439FC-8CC8-4621-9C17-824C431F7766}.Release|Mixed Platforms.Build.0 = Release|Any CPU
		{20B439FC-8CC8-4621-9C17-824C431F7766}.Release|x86.ActiveCfg = Release|Any CPU
		{63A47E73-0BF4-4041-93B8-DC347C0627F5}.Debug|Any CPU.ActiveCfg = Debug|Any CPU
		{63A47E73-0BF4-4041-93B8-DC347C0627F5}.Debug|Any CPU.Build.0 = Debug|Any CPU
		{63A47E73-0BF4-4041-93B8-DC347C0627F5}.Debug|Mixed Platforms.ActiveCfg = Debug|Any CPU
		{63A47E73-0BF4-4041-93B8-DC347C0627F5}.Debug|Mixed Platforms.Build.0 = Debug|Any CPU
		{63A47E73-0BF4-4041-93B8-DC347C0627F5}.Debug|x86.ActiveCfg = Debug|Any CPU
		{63A47E73-0BF4-4041-93B8-DC347C0627F5}.Release (3.5)|Any CPU.ActiveCfg = Release|Any CPU
		{63A47E73-0BF4-4041-93B8-DC347C0627F5}.Release (3.5)|Any CPU.Build.0 = Release|Any CPU
		{63A47E73-0BF4-4041-93B8-DC347C0627F5}.Release (3.5)|Mixed Platforms.ActiveCfg = Release|Any CPU
		{63A47E73-0BF4-4041-93B8-DC347C0627F5}.Release (3.5)|Mixed Platforms.Build.0 = Release|Any CPU
		{63A47E73-0BF4-4041-93B8-DC347C0627F5}.Release (3.5)|x86.ActiveCfg = Release|Any CPU
		{63A47E73-0BF4-4041-93B8-DC347C0627F5}.Release (4.0)|Any CPU.ActiveCfg = Release|Any CPU
		{63A47E73-0BF4-4041-93B8-DC347C0627F5}.Release (4.0)|Any CPU.Build.0 = Release|Any CPU
		{63A47E73-0BF4-4041-93B8-DC347C0627F5}.Release (4.0)|Mixed Platforms.ActiveCfg = Release|Any CPU
		{63A47E73-0BF4-4041-93B8-DC347C0627F5}.Release (4.0)|Mixed Platforms.Build.0 = Release|Any CPU
		{63A47E73-0BF4-4041-93B8-DC347C0627F5}.Release (4.0)|x86.ActiveCfg = Release|Any CPU
		{63A47E73-0BF4-4041-93B8-DC347C0627F5}.Release (4.5)|Any CPU.ActiveCfg = Release|Any CPU
		{63A47E73-0BF4-4041-93B8-DC347C0627F5}.Release (4.5)|Any CPU.Build.0 = Release|Any CPU
		{63A47E73-0BF4-4041-93B8-DC347C0627F5}.Release (4.5)|Mixed Platforms.ActiveCfg = Release|Any CPU
		{63A47E73-0BF4-4041-93B8-DC347C0627F5}.Release (4.5)|Mixed Platforms.Build.0 = Release|Any CPU
		{63A47E73-0BF4-4041-93B8-DC347C0627F5}.Release (4.5)|x86.ActiveCfg = Release|Any CPU
		{63A47E73-0BF4-4041-93B8-DC347C0627F5}.Release|Any CPU.ActiveCfg = Release|Any CPU
		{63A47E73-0BF4-4041-93B8-DC347C0627F5}.Release|Any CPU.Build.0 = Release|Any CPU
		{63A47E73-0BF4-4041-93B8-DC347C0627F5}.Release|Mixed Platforms.ActiveCfg = Release|Any CPU
		{63A47E73-0BF4-4041-93B8-DC347C0627F5}.Release|Mixed Platforms.Build.0 = Release|Any CPU
		{63A47E73-0BF4-4041-93B8-DC347C0627F5}.Release|x86.ActiveCfg = Release|Any CPU
		{F419622F-4D82-40A6-B4FB-3FE36579F018}.Debug|Any CPU.ActiveCfg = Debug|Any CPU
		{F419622F-4D82-40A6-B4FB-3FE36579F018}.Debug|Any CPU.Build.0 = Debug|Any CPU
		{F419622F-4D82-40A6-B4FB-3FE36579F018}.Debug|Mixed Platforms.ActiveCfg = Debug|Any CPU
		{F419622F-4D82-40A6-B4FB-3FE36579F018}.Debug|Mixed Platforms.Build.0 = Debug|Any CPU
		{F419622F-4D82-40A6-B4FB-3FE36579F018}.Debug|x86.ActiveCfg = Debug|Any CPU
		{F419622F-4D82-40A6-B4FB-3FE36579F018}.Release (3.5)|Any CPU.ActiveCfg = Release|Any CPU
		{F419622F-4D82-40A6-B4FB-3FE36579F018}.Release (3.5)|Any CPU.Build.0 = Release|Any CPU
		{F419622F-4D82-40A6-B4FB-3FE36579F018}.Release (3.5)|Mixed Platforms.ActiveCfg = Release|Any CPU
		{F419622F-4D82-40A6-B4FB-3FE36579F018}.Release (3.5)|Mixed Platforms.Build.0 = Release|Any CPU
		{F419622F-4D82-40A6-B4FB-3FE36579F018}.Release (3.5)|x86.ActiveCfg = Release|Any CPU
		{F419622F-4D82-40A6-B4FB-3FE36579F018}.Release (4.0)|Any CPU.ActiveCfg = Release|Any CPU
		{F419622F-4D82-40A6-B4FB-3FE36579F018}.Release (4.0)|Any CPU.Build.0 = Release|Any CPU
		{F419622F-4D82-40A6-B4FB-3FE36579F018}.Release (4.0)|Mixed Platforms.ActiveCfg = Release|Any CPU
		{F419622F-4D82-40A6-B4FB-3FE36579F018}.Release (4.0)|Mixed Platforms.Build.0 = Release|Any CPU
		{F419622F-4D82-40A6-B4FB-3FE36579F018}.Release (4.0)|x86.ActiveCfg = Release|Any CPU
		{F419622F-4D82-40A6-B4FB-3FE36579F018}.Release (4.5)|Any CPU.ActiveCfg = Release|Any CPU
		{F419622F-4D82-40A6-B4FB-3FE36579F018}.Release (4.5)|Any CPU.Build.0 = Release|Any CPU
		{F419622F-4D82-40A6-B4FB-3FE36579F018}.Release (4.5)|Mixed Platforms.ActiveCfg = Release|Any CPU
		{F419622F-4D82-40A6-B4FB-3FE36579F018}.Release (4.5)|Mixed Platforms.Build.0 = Release|Any CPU
		{F419622F-4D82-40A6-B4FB-3FE36579F018}.Release (4.5)|x86.ActiveCfg = Release|Any CPU
		{F419622F-4D82-40A6-B4FB-3FE36579F018}.Release|Any CPU.ActiveCfg = Release|Any CPU
		{F419622F-4D82-40A6-B4FB-3FE36579F018}.Release|Any CPU.Build.0 = Release|Any CPU
		{F419622F-4D82-40A6-B4FB-3FE36579F018}.Release|Mixed Platforms.ActiveCfg = Release|Any CPU
		{F419622F-4D82-40A6-B4FB-3FE36579F018}.Release|Mixed Platforms.Build.0 = Release|Any CPU
		{F419622F-4D82-40A6-B4FB-3FE36579F018}.Release|x86.ActiveCfg = Release|Any CPU
		{7AB4BBCC-6222-423D-9FF9-BA9CB7C09199}.Debug|Any CPU.ActiveCfg = Debug|Any CPU
		{7AB4BBCC-6222-423D-9FF9-BA9CB7C09199}.Debug|Any CPU.Build.0 = Debug|Any CPU
		{7AB4BBCC-6222-423D-9FF9-BA9CB7C09199}.Debug|Mixed Platforms.ActiveCfg = Debug|Any CPU
		{7AB4BBCC-6222-423D-9FF9-BA9CB7C09199}.Debug|Mixed Platforms.Build.0 = Debug|Any CPU
		{7AB4BBCC-6222-423D-9FF9-BA9CB7C09199}.Debug|x86.ActiveCfg = Debug|Any CPU
		{7AB4BBCC-6222-423D-9FF9-BA9CB7C09199}.Release (3.5)|Any CPU.ActiveCfg = Release (3.5)|Any CPU
		{7AB4BBCC-6222-423D-9FF9-BA9CB7C09199}.Release (3.5)|Any CPU.Build.0 = Release (3.5)|Any CPU
		{7AB4BBCC-6222-423D-9FF9-BA9CB7C09199}.Release (3.5)|Mixed Platforms.ActiveCfg = Release (3.5)|Any CPU
		{7AB4BBCC-6222-423D-9FF9-BA9CB7C09199}.Release (3.5)|Mixed Platforms.Build.0 = Release (3.5)|Any CPU
		{7AB4BBCC-6222-423D-9FF9-BA9CB7C09199}.Release (3.5)|x86.ActiveCfg = Release (3.5)|Any CPU
		{7AB4BBCC-6222-423D-9FF9-BA9CB7C09199}.Release (4.0)|Any CPU.ActiveCfg = Release (4.0)|Any CPU
		{7AB4BBCC-6222-423D-9FF9-BA9CB7C09199}.Release (4.0)|Any CPU.Build.0 = Release (4.0)|Any CPU
		{7AB4BBCC-6222-423D-9FF9-BA9CB7C09199}.Release (4.0)|Mixed Platforms.ActiveCfg = Release (4.0)|Any CPU
		{7AB4BBCC-6222-423D-9FF9-BA9CB7C09199}.Release (4.0)|Mixed Platforms.Build.0 = Release (4.0)|Any CPU
		{7AB4BBCC-6222-423D-9FF9-BA9CB7C09199}.Release (4.0)|x86.ActiveCfg = Release (4.0)|Any CPU
		{7AB4BBCC-6222-423D-9FF9-BA9CB7C09199}.Release (4.5)|Any CPU.ActiveCfg = Release (4.5)|Any CPU
		{7AB4BBCC-6222-423D-9FF9-BA9CB7C09199}.Release (4.5)|Any CPU.Build.0 = Release (4.5)|Any CPU
		{7AB4BBCC-6222-423D-9FF9-BA9CB7C09199}.Release (4.5)|Mixed Platforms.ActiveCfg = Release (4.5)|Any CPU
		{7AB4BBCC-6222-423D-9FF9-BA9CB7C09199}.Release (4.5)|Mixed Platforms.Build.0 = Release (4.5)|Any CPU
		{7AB4BBCC-6222-423D-9FF9-BA9CB7C09199}.Release (4.5)|x86.ActiveCfg = Release (4.5)|Any CPU
		{7AB4BBCC-6222-423D-9FF9-BA9CB7C09199}.Release|Any CPU.ActiveCfg = Release (4.5)|Any CPU
		{7AB4BBCC-6222-423D-9FF9-BA9CB7C09199}.Release|Any CPU.Build.0 = Release (4.5)|Any CPU
		{7AB4BBCC-6222-423D-9FF9-BA9CB7C09199}.Release|Mixed Platforms.ActiveCfg = Release (4.5)|Any CPU
		{7AB4BBCC-6222-423D-9FF9-BA9CB7C09199}.Release|Mixed Platforms.Build.0 = Release (4.5)|Any CPU
		{7AB4BBCC-6222-423D-9FF9-BA9CB7C09199}.Release|x86.ActiveCfg = Release (4.5)|Any CPU
		{A177A90C-8207-466A-AF70-F2B8452A42AC}.Debug|Any CPU.ActiveCfg = Debug|Any CPU
		{A177A90C-8207-466A-AF70-F2B8452A42AC}.Debug|Any CPU.Build.0 = Debug|Any CPU
		{A177A90C-8207-466A-AF70-F2B8452A42AC}.Debug|Mixed Platforms.ActiveCfg = Debug|Any CPU
		{A177A90C-8207-466A-AF70-F2B8452A42AC}.Debug|Mixed Platforms.Build.0 = Debug|Any CPU
		{A177A90C-8207-466A-AF70-F2B8452A42AC}.Debug|x86.ActiveCfg = Debug|Any CPU
		{A177A90C-8207-466A-AF70-F2B8452A42AC}.Release (3.5)|Any CPU.ActiveCfg = Release (3.5)|Any CPU
		{A177A90C-8207-466A-AF70-F2B8452A42AC}.Release (3.5)|Any CPU.Build.0 = Release (3.5)|Any CPU
		{A177A90C-8207-466A-AF70-F2B8452A42AC}.Release (3.5)|Mixed Platforms.ActiveCfg = Release (3.5)|Any CPU
		{A177A90C-8207-466A-AF70-F2B8452A42AC}.Release (3.5)|Mixed Platforms.Build.0 = Release (3.5)|Any CPU
		{A177A90C-8207-466A-AF70-F2B8452A42AC}.Release (3.5)|x86.ActiveCfg = Release (3.5)|Any CPU
		{A177A90C-8207-466A-AF70-F2B8452A42AC}.Release (4.0)|Any CPU.ActiveCfg = Release (4.0)|Any CPU
		{A177A90C-8207-466A-AF70-F2B8452A42AC}.Release (4.0)|Any CPU.Build.0 = Release (4.0)|Any CPU
		{A177A90C-8207-466A-AF70-F2B8452A42AC}.Release (4.0)|Mixed Platforms.ActiveCfg = Release (4.0)|Any CPU
		{A177A90C-8207-466A-AF70-F2B8452A42AC}.Release (4.0)|Mixed Platforms.Build.0 = Release (4.0)|Any CPU
		{A177A90C-8207-466A-AF70-F2B8452A42AC}.Release (4.0)|x86.ActiveCfg = Release (4.0)|Any CPU
		{A177A90C-8207-466A-AF70-F2B8452A42AC}.Release (4.5)|Any CPU.ActiveCfg = Release (4.5)|Any CPU
		{A177A90C-8207-466A-AF70-F2B8452A42AC}.Release (4.5)|Any CPU.Build.0 = Release (4.5)|Any CPU
		{A177A90C-8207-466A-AF70-F2B8452A42AC}.Release (4.5)|Mixed Platforms.ActiveCfg = Release (4.5)|Any CPU
		{A177A90C-8207-466A-AF70-F2B8452A42AC}.Release (4.5)|Mixed Platforms.Build.0 = Release (4.5)|Any CPU
		{A177A90C-8207-466A-AF70-F2B8452A42AC}.Release (4.5)|x86.ActiveCfg = Release (4.5)|Any CPU
		{A177A90C-8207-466A-AF70-F2B8452A42AC}.Release|Any CPU.ActiveCfg = Release (4.5)|Any CPU
		{A177A90C-8207-466A-AF70-F2B8452A42AC}.Release|Any CPU.Build.0 = Release (4.5)|Any CPU
		{A177A90C-8207-466A-AF70-F2B8452A42AC}.Release|Mixed Platforms.ActiveCfg = Release (4.5)|Any CPU
		{A177A90C-8207-466A-AF70-F2B8452A42AC}.Release|Mixed Platforms.Build.0 = Release (4.5)|Any CPU
		{A177A90C-8207-466A-AF70-F2B8452A42AC}.Release|x86.ActiveCfg = Release (4.5)|Any CPU
		{F718E9A8-DB62-4785-8C49-4333A60D256A}.Debug|Any CPU.ActiveCfg = Debug|Any CPU
		{F718E9A8-DB62-4785-8C49-4333A60D256A}.Debug|Any CPU.Build.0 = Debug|Any CPU
		{F718E9A8-DB62-4785-8C49-4333A60D256A}.Debug|Mixed Platforms.ActiveCfg = Debug|Any CPU
		{F718E9A8-DB62-4785-8C49-4333A60D256A}.Debug|Mixed Platforms.Build.0 = Debug|Any CPU
		{F718E9A8-DB62-4785-8C49-4333A60D256A}.Debug|x86.ActiveCfg = Debug|Any CPU
		{F718E9A8-DB62-4785-8C49-4333A60D256A}.Release (3.5)|Any CPU.ActiveCfg = Release (3.5)|Any CPU
		{F718E9A8-DB62-4785-8C49-4333A60D256A}.Release (3.5)|Any CPU.Build.0 = Release (3.5)|Any CPU
		{F718E9A8-DB62-4785-8C49-4333A60D256A}.Release (3.5)|Mixed Platforms.ActiveCfg = Release (3.5)|Any CPU
		{F718E9A8-DB62-4785-8C49-4333A60D256A}.Release (3.5)|Mixed Platforms.Build.0 = Release (3.5)|Any CPU
		{F718E9A8-DB62-4785-8C49-4333A60D256A}.Release (3.5)|x86.ActiveCfg = Release (3.5)|Any CPU
		{F718E9A8-DB62-4785-8C49-4333A60D256A}.Release (4.0)|Any CPU.ActiveCfg = Release (4.0)|Any CPU
		{F718E9A8-DB62-4785-8C49-4333A60D256A}.Release (4.0)|Any CPU.Build.0 = Release (4.0)|Any CPU
		{F718E9A8-DB62-4785-8C49-4333A60D256A}.Release (4.0)|Mixed Platforms.ActiveCfg = Release (4.0)|Any CPU
		{F718E9A8-DB62-4785-8C49-4333A60D256A}.Release (4.0)|Mixed Platforms.Build.0 = Release (4.0)|Any CPU
		{F718E9A8-DB62-4785-8C49-4333A60D256A}.Release (4.0)|x86.ActiveCfg = Release (4.0)|Any CPU
		{F718E9A8-DB62-4785-8C49-4333A60D256A}.Release (4.5)|Any CPU.ActiveCfg = Release (4.5)|Any CPU
		{F718E9A8-DB62-4785-8C49-4333A60D256A}.Release (4.5)|Any CPU.Build.0 = Release (4.5)|Any CPU
		{F718E9A8-DB62-4785-8C49-4333A60D256A}.Release (4.5)|Mixed Platforms.ActiveCfg = Release (4.5)|Any CPU
		{F718E9A8-DB62-4785-8C49-4333A60D256A}.Release (4.5)|Mixed Platforms.Build.0 = Release (4.5)|Any CPU
		{F718E9A8-DB62-4785-8C49-4333A60D256A}.Release (4.5)|x86.ActiveCfg = Release (4.5)|Any CPU
		{F718E9A8-DB62-4785-8C49-4333A60D256A}.Release|Any CPU.ActiveCfg = Release (4.5)|Any CPU
		{F718E9A8-DB62-4785-8C49-4333A60D256A}.Release|Any CPU.Build.0 = Release (4.5)|Any CPU
		{F718E9A8-DB62-4785-8C49-4333A60D256A}.Release|Mixed Platforms.ActiveCfg = Release (4.5)|Any CPU
		{F718E9A8-DB62-4785-8C49-4333A60D256A}.Release|Mixed Platforms.Build.0 = Release (4.5)|Any CPU
		{F718E9A8-DB62-4785-8C49-4333A60D256A}.Release|x86.ActiveCfg = Release (4.5)|Any CPU
		{FD8101DD-C95D-42D6-AD44-AE01C25F2811}.Debug|Any CPU.ActiveCfg = Debug|Any CPU
		{FD8101DD-C95D-42D6-AD44-AE01C25F2811}.Debug|Any CPU.Build.0 = Debug|Any CPU
		{FD8101DD-C95D-42D6-AD44-AE01C25F2811}.Debug|Mixed Platforms.ActiveCfg = Debug|Any CPU
		{FD8101DD-C95D-42D6-AD44-AE01C25F2811}.Debug|Mixed Platforms.Build.0 = Debug|Any CPU
		{FD8101DD-C95D-42D6-AD44-AE01C25F2811}.Debug|x86.ActiveCfg = Debug|Any CPU
		{FD8101DD-C95D-42D6-AD44-AE01C25F2811}.Release (3.5)|Any CPU.ActiveCfg = Release (3.5)|Any CPU
		{FD8101DD-C95D-42D6-AD44-AE01C25F2811}.Release (3.5)|Any CPU.Build.0 = Release (3.5)|Any CPU
		{FD8101DD-C95D-42D6-AD44-AE01C25F2811}.Release (3.5)|Mixed Platforms.ActiveCfg = Release (3.5)|Any CPU
		{FD8101DD-C95D-42D6-AD44-AE01C25F2811}.Release (3.5)|Mixed Platforms.Build.0 = Release (3.5)|Any CPU
		{FD8101DD-C95D-42D6-AD44-AE01C25F2811}.Release (3.5)|x86.ActiveCfg = Release (3.5)|Any CPU
		{FD8101DD-C95D-42D6-AD44-AE01C25F2811}.Release (4.0)|Any CPU.ActiveCfg = Release (4.0)|Any CPU
		{FD8101DD-C95D-42D6-AD44-AE01C25F2811}.Release (4.0)|Any CPU.Build.0 = Release (4.0)|Any CPU
		{FD8101DD-C95D-42D6-AD44-AE01C25F2811}.Release (4.0)|Mixed Platforms.ActiveCfg = Release (4.0)|Any CPU
		{FD8101DD-C95D-42D6-AD44-AE01C25F2811}.Release (4.0)|Mixed Platforms.Build.0 = Release (4.0)|Any CPU
		{FD8101DD-C95D-42D6-AD44-AE01C25F2811}.Release (4.0)|x86.ActiveCfg = Release (4.0)|Any CPU
		{FD8101DD-C95D-42D6-AD44-AE01C25F2811}.Release (4.5)|Any CPU.ActiveCfg = Release (4.5)|Any CPU
		{FD8101DD-C95D-42D6-AD44-AE01C25F2811}.Release (4.5)|Any CPU.Build.0 = Release (4.5)|Any CPU
		{FD8101DD-C95D-42D6-AD44-AE01C25F2811}.Release (4.5)|Mixed Platforms.ActiveCfg = Release (4.5)|Any CPU
		{FD8101DD-C95D-42D6-AD44-AE01C25F2811}.Release (4.5)|Mixed Platforms.Build.0 = Release (4.5)|Any CPU
		{FD8101DD-C95D-42D6-AD44-AE01C25F2811}.Release (4.5)|x86.ActiveCfg = Release (4.5)|Any CPU
		{FD8101DD-C95D-42D6-AD44-AE01C25F2811}.Release|Any CPU.ActiveCfg = Release (4.5)|Any CPU
		{FD8101DD-C95D-42D6-AD44-AE01C25F2811}.Release|Any CPU.Build.0 = Release (4.5)|Any CPU
		{FD8101DD-C95D-42D6-AD44-AE01C25F2811}.Release|Mixed Platforms.ActiveCfg = Release (4.5)|Any CPU
		{FD8101DD-C95D-42D6-AD44-AE01C25F2811}.Release|Mixed Platforms.Build.0 = Release (4.5)|Any CPU
		{FD8101DD-C95D-42D6-AD44-AE01C25F2811}.Release|x86.ActiveCfg = Release (4.5)|Any CPU
		{63184EBD-6B28-4066-AAEE-5B99431E31F4}.Debug|Any CPU.ActiveCfg = Debug|Any CPU
		{63184EBD-6B28-4066-AAEE-5B99431E31F4}.Debug|Any CPU.Build.0 = Debug|Any CPU
		{63184EBD-6B28-4066-AAEE-5B99431E31F4}.Debug|Mixed Platforms.ActiveCfg = Debug|Any CPU
		{63184EBD-6B28-4066-AAEE-5B99431E31F4}.Debug|Mixed Platforms.Build.0 = Debug|Any CPU
		{63184EBD-6B28-4066-AAEE-5B99431E31F4}.Debug|x86.ActiveCfg = Debug|Any CPU
		{63184EBD-6B28-4066-AAEE-5B99431E31F4}.Release (3.5)|Any CPU.ActiveCfg = Release (3.5)|Any CPU
		{63184EBD-6B28-4066-AAEE-5B99431E31F4}.Release (3.5)|Any CPU.Build.0 = Release (3.5)|Any CPU
		{63184EBD-6B28-4066-AAEE-5B99431E31F4}.Release (3.5)|Mixed Platforms.ActiveCfg = Release (3.5)|Any CPU
		{63184EBD-6B28-4066-AAEE-5B99431E31F4}.Release (3.5)|Mixed Platforms.Build.0 = Release (3.5)|Any CPU
		{63184EBD-6B28-4066-AAEE-5B99431E31F4}.Release (3.5)|x86.ActiveCfg = Release (3.5)|Any CPU
		{63184EBD-6B28-4066-AAEE-5B99431E31F4}.Release (4.0)|Any CPU.ActiveCfg = Release (4.0)|Any CPU
		{63184EBD-6B28-4066-AAEE-5B99431E31F4}.Release (4.0)|Any CPU.Build.0 = Release (4.0)|Any CPU
		{63184EBD-6B28-4066-AAEE-5B99431E31F4}.Release (4.0)|Mixed Platforms.ActiveCfg = Release (4.0)|Any CPU
		{63184EBD-6B28-4066-AAEE-5B99431E31F4}.Release (4.0)|Mixed Platforms.Build.0 = Release (4.0)|Any CPU
		{63184EBD-6B28-4066-AAEE-5B99431E31F4}.Release (4.0)|x86.ActiveCfg = Release (4.0)|Any CPU
		{63184EBD-6B28-4066-AAEE-5B99431E31F4}.Release (4.5)|Any CPU.ActiveCfg = Release (4.5)|Any CPU
		{63184EBD-6B28-4066-AAEE-5B99431E31F4}.Release (4.5)|Any CPU.Build.0 = Release (4.5)|Any CPU
		{63184EBD-6B28-4066-AAEE-5B99431E31F4}.Release (4.5)|Mixed Platforms.ActiveCfg = Release (4.5)|Any CPU
		{63184EBD-6B28-4066-AAEE-5B99431E31F4}.Release (4.5)|Mixed Platforms.Build.0 = Release (4.5)|Any CPU
		{63184EBD-6B28-4066-AAEE-5B99431E31F4}.Release (4.5)|x86.ActiveCfg = Release (4.5)|Any CPU
		{63184EBD-6B28-4066-AAEE-5B99431E31F4}.Release|Any CPU.ActiveCfg = Release (4.5)|Any CPU
		{63184EBD-6B28-4066-AAEE-5B99431E31F4}.Release|Any CPU.Build.0 = Release (4.5)|Any CPU
		{63184EBD-6B28-4066-AAEE-5B99431E31F4}.Release|Mixed Platforms.ActiveCfg = Release (4.5)|Any CPU
		{63184EBD-6B28-4066-AAEE-5B99431E31F4}.Release|Mixed Platforms.Build.0 = Release (4.5)|Any CPU
		{63184EBD-6B28-4066-AAEE-5B99431E31F4}.Release|x86.ActiveCfg = Release (4.5)|Any CPU
	EndGlobalSection
	GlobalSection(SolutionProperties) = preSolution
		HideSolutionNode = FALSE
	EndGlobalSection
EndGlobal
