
Microsoft Visual Studio Solution File, Format Version 12.00
# Visual Studio 2012
Project("{CC5FD16D-436D-48AD-A40C-5A424C6E3E79}") = "HelloWorld.Azure", "HelloWorld.Azure\HelloWorld.Azure.ccproj", "{0703D5D2-232F-4F02-8391-E0770893FE9C}"
EndProject
Project("{FAE04EC0-301F-11D3-BF4B-00C04F79EFBC}") = "HelloWorld", "HelloWorld\HelloWorld.csproj", "{F0938C3D-34F7-4805-ABB1-C46E7D77A69C}"
EndProject
Project("{F2A71F9B-5D33-465A-A702-920D77279786}") = "FSWebLib", "FSWebLib\FSWebLib.fsproj", "{8D5A4BF0-5017-4889-9161-A496CB685D65}"
EndProject
Global
	GlobalSection(SolutionConfigurationPlatforms) = preSolution
		Debug|Any CPU = Debug|Any CPU
		Release|Any CPU = Release|Any CPU
	EndGlobalSection
	GlobalSection(ProjectConfigurationPlatforms) = postSolution
		{0703D5D2-232F-4F02-8391-E0770893FE9C}.Debug|Any CPU.ActiveCfg = Debug|Any CPU
		{0703D5D2-232F-4F02-8391-E0770893FE9C}.Debug|Any CPU.Build.0 = Debug|Any CPU
		{0703D5D2-232F-4F02-8391-E0770893FE9C}.Release|Any CPU.ActiveCfg = Release|Any CPU
		{0703D5D2-232F-4F02-8391-E0770893FE9C}.Release|Any CPU.Build.0 = Release|Any CPU
		{8D5A4BF0-5017-4889-9161-A496CB685D65}.Debug|Any CPU.ActiveCfg = Debug|Any CPU
		{8D5A4BF0-5017-4889-9161-A496CB685D65}.Debug|Any CPU.Build.0 = Debug|Any CPU
		{8D5A4BF0-5017-4889-9161-A496CB685D65}.Release|Any CPU.ActiveCfg = Release|Any CPU
		{8D5A4BF0-5017-4889-9161-A496CB685D65}.Release|Any CPU.Build.0 = Release|Any CPU
		{F0938C3D-34F7-4805-ABB1-C46E7D77A69C}.Debug|Any CPU.ActiveCfg = Debug|Any CPU
		{F0938C3D-34F7-4805-ABB1-C46E7D77A69C}.Debug|Any CPU.Build.0 = Debug|Any CPU
		{F0938C3D-34F7-4805-ABB1-C46E7D77A69C}.Release|Any CPU.ActiveCfg = Release|Any CPU
		{F0938C3D-34F7-4805-ABB1-C46E7D77A69C}.Release|Any CPU.Build.0 = Release|Any CPU
	EndGlobalSection
	GlobalSection(SolutionProperties) = preSolution
		HideSolutionNode = FALSE
	EndGlobalSection
EndGlobal
