
Microsoft Visual Studio Solution File, Format Version 12.00
# Visual Studio 2012
Project("{F2A71F9B-5D33-465A-A702-920D77279786}") = "Samples.DataStore.Freebase", "Samples.DataStore.Freebase.fsproj", "{68A30FED-8E71-4355-A148-63675EE69608}"
EndProject
Project("{F2A71F9B-5D33-465A-A702-920D77279786}") = "Samples.DataStore.Freebase.DesignTime", "Samples.DataStore.Freebase.DesignTime.fsproj", "{F50FB079-1D56-46F5-8778-5DE07DD6A22C}"
EndProject
Global
	GlobalSection(SolutionConfigurationPlatforms) = preSolution
		Debug|Any CPU = Debug|Any CPU
		Release|Any CPU = Release|Any CPU
	EndGlobalSection
	GlobalSection(ProjectConfigurationPlatforms) = postSolution
		{68A30FED-8E71-4355-A148-63675EE69608}.Debug|Any CPU.ActiveCfg = Debug|Any CPU
		{68A30FED-8E71-4355-A148-63675EE69608}.Debug|Any CPU.Build.0 = Debug|Any CPU
		{68A30FED-8E71-4355-A148-63675EE69608}.Release|Any CPU.ActiveCfg = Release|Any CPU
		{68A30FED-8E71-4355-A148-63675EE69608}.Release|Any CPU.Build.0 = Release|Any CPU
		{F50FB079-1D56-46F5-8778-5DE07DD6A22C}.Debug|Any CPU.ActiveCfg = Debug|Any CPU
		{F50FB079-1D56-46F5-8778-5DE07DD6A22C}.Debug|Any CPU.Build.0 = Debug|Any CPU
		{F50FB079-1D56-46F5-8778-5DE07DD6A22C}.Release|Any CPU.ActiveCfg = Release|Any CPU
		{F50FB079-1D56-46F5-8778-5DE07DD6A22C}.Release|Any CPU.Build.0 = Release|Any CPU
	EndGlobalSection
	GlobalSection(SolutionProperties) = preSolution
		HideSolutionNode = FALSE
	EndGlobalSection
EndGlobal
